// !$*UTF8*$!
{
	archiveVersion = 1;
	classes = {
	};
	objectVersion = 50;
	objects = {

/* Begin PBXBuildFile section */
		8334CE3A26174C4600319DF6 /* AppDelegate.swift in Sources */ = {isa = PBXBuildFile; fileRef = 8334CE3926174C4600319DF6 /* AppDelegate.swift */; };
		8334CE3C26174C4600319DF6 /* SceneDelegate.swift in Sources */ = {isa = PBXBuildFile; fileRef = 8334CE3B26174C4600319DF6 /* SceneDelegate.swift */; };
		8334CE3E26174C4600319DF6 /* EmojiMemoryGameView.swift in Sources */ = {isa = PBXBuildFile; fileRef = 8334CE3D26174C4600319DF6 /* EmojiMemoryGameView.swift */; };
		8334CE4026174C5700319DF6 /* Assets.xcassets in Resources */ = {isa = PBXBuildFile; fileRef = 8334CE3F26174C5700319DF6 /* Assets.xcassets */; };
		8334CE4326174C5700319DF6 /* Preview Assets.xcassets in Resources */ = {isa = PBXBuildFile; fileRef = 8334CE4226174C5700319DF6 /* Preview Assets.xcassets */; };
		8334CE4626174C5700319DF6 /* LaunchScreen.storyboard in Resources */ = {isa = PBXBuildFile; fileRef = 8334CE4426174C5700319DF6 /* LaunchScreen.storyboard */; };
		83503C9C261844E900863D3A /* MemoryGame.swift in Sources */ = {isa = PBXBuildFile; fileRef = 83503C9B261844E900863D3A /* MemoryGame.swift */; };
		83503CA42618477600863D3A /* EmojiMemoryGame.swift in Sources */ = {isa = PBXBuildFile; fileRef = 83503CA32618477600863D3A /* EmojiMemoryGame.swift */; };
		8350575C2619B6540026BB05 /* Grid.swift in Sources */ = {isa = PBXBuildFile; fileRef = 8350575B2619B6540026BB05 /* Grid.swift */; };
		835057652619C3FB0026BB05 /* GridLayout.swift in Sources */ = {isa = PBXBuildFile; fileRef = 835057642619C3FB0026BB05 /* GridLayout.swift */; };
		8350576A2619CD770026BB05 /* Array+Identifiable.swift in Sources */ = {isa = PBXBuildFile; fileRef = 835057692619CD770026BB05 /* Array+Identifiable.swift */; };
		835057712619E4B40026BB05 /* Array+Only.swift in Sources */ = {isa = PBXBuildFile; fileRef = 835057702619E4B40026BB05 /* Array+Only.swift */; };
		835057742619F7CF0026BB05 /* Theme.swift in Sources */ = {isa = PBXBuildFile; fileRef = 835057732619F7CF0026BB05 /* Theme.swift */; };
		83A44886261C72F70070A8A5 /* Pie.swift in Sources */ = {isa = PBXBuildFile; fileRef = 83A44885261C72F70070A8A5 /* Pie.swift */; };
		83A4488A261C7CB30070A8A5 /* Cardify.swift in Sources */ = {isa = PBXBuildFile; fileRef = 83A44889261C7CB30070A8A5 /* Cardify.swift */; };
/* End PBXBuildFile section */

/* Begin PBXFileReference section */
		8334CE3626174C4600319DF6 /* Memorize.app */ = {isa = PBXFileReference; explicitFileType = wrapper.application; includeInIndex = 0; path = Memorize.app; sourceTree = BUILT_PRODUCTS_DIR; };
		8334CE3926174C4600319DF6 /* AppDelegate.swift */ = {isa = PBXFileReference; lastKnownFileType = sourcecode.swift; path = AppDelegate.swift; sourceTree = "<group>"; };
		8334CE3B26174C4600319DF6 /* SceneDelegate.swift */ = {isa = PBXFileReference; lastKnownFileType = sourcecode.swift; path = SceneDelegate.swift; sourceTree = "<group>"; };
		8334CE3D26174C4600319DF6 /* EmojiMemoryGameView.swift */ = {isa = PBXFileReference; lastKnownFileType = sourcecode.swift; path = EmojiMemoryGameView.swift; sourceTree = "<group>"; };
		8334CE3F26174C5700319DF6 /* Assets.xcassets */ = {isa = PBXFileReference; lastKnownFileType = folder.assetcatalog; path = Assets.xcassets; sourceTree = "<group>"; };
		8334CE4226174C5700319DF6 /* Preview Assets.xcassets */ = {isa = PBXFileReference; lastKnownFileType = folder.assetcatalog; path = "Preview Assets.xcassets"; sourceTree = "<group>"; };
		8334CE4526174C5700319DF6 /* Base */ = {isa = PBXFileReference; lastKnownFileType = file.storyboard; name = Base; path = Base.lproj/LaunchScreen.storyboard; sourceTree = "<group>"; };
		8334CE4726174C5700319DF6 /* Info.plist */ = {isa = PBXFileReference; lastKnownFileType = text.plist.xml; path = Info.plist; sourceTree = "<group>"; };
		83503C9B261844E900863D3A /* MemoryGame.swift */ = {isa = PBXFileReference; lastKnownFileType = sourcecode.swift; path = MemoryGame.swift; sourceTree = "<group>"; };
		83503CA32618477600863D3A /* EmojiMemoryGame.swift */ = {isa = PBXFileReference; lastKnownFileType = sourcecode.swift; path = EmojiMemoryGame.swift; sourceTree = "<group>"; };
		8350575B2619B6540026BB05 /* Grid.swift */ = {isa = PBXFileReference; lastKnownFileType = sourcecode.swift; path = Grid.swift; sourceTree = "<group>"; };
		835057642619C3FB0026BB05 /* GridLayout.swift */ = {isa = PBXFileReference; fileEncoding = 4; lastKnownFileType = sourcecode.swift; path = GridLayout.swift; sourceTree = "<group>"; };
		835057692619CD770026BB05 /* Array+Identifiable.swift */ = {isa = PBXFileReference; lastKnownFileType = sourcecode.swift; path = "Array+Identifiable.swift"; sourceTree = "<group>"; };
		835057702619E4B40026BB05 /* Array+Only.swift */ = {isa = PBXFileReference; lastKnownFileType = sourcecode.swift; path = "Array+Only.swift"; sourceTree = "<group>"; };
		835057732619F7CF0026BB05 /* Theme.swift */ = {isa = PBXFileReference; lastKnownFileType = sourcecode.swift; path = Theme.swift; sourceTree = "<group>"; };
		83A44885261C72F70070A8A5 /* Pie.swift */ = {isa = PBXFileReference; lastKnownFileType = sourcecode.swift; path = Pie.swift; sourceTree = "<group>"; };
		83A44889261C7CB30070A8A5 /* Cardify.swift */ = {isa = PBXFileReference; lastKnownFileType = sourcecode.swift; path = Cardify.swift; sourceTree = "<group>"; };
/* End PBXFileReference section */

/* Begin PBXFrameworksBuildPhase section */
		8334CE3326174C4600319DF6 /* Frameworks */ = {
			isa = PBXFrameworksBuildPhase;
			buildActionMask = 2147483647;
			files = (
			);
			runOnlyForDeploymentPostprocessing = 0;
		};
/* End PBXFrameworksBuildPhase section */

/* Begin PBXGroup section */
		8334CE2D26174C4600319DF6 = {
			isa = PBXGroup;
			children = (
				8334CE3826174C4600319DF6 /* Memorize */,
				8334CE3726174C4600319DF6 /* Products */,
			);
			sourceTree = "<group>";
		};
		8334CE3726174C4600319DF6 /* Products */ = {
			isa = PBXGroup;
			children = (
				8334CE3626174C4600319DF6 /* Memorize.app */,
			);
			name = Products;
			sourceTree = "<group>";
		};
		8334CE3826174C4600319DF6 /* Memorize */ = {
			isa = PBXGroup;
			children = (
				8334CE3926174C4600319DF6 /* AppDelegate.swift */,
				8334CE3B26174C4600319DF6 /* SceneDelegate.swift */,
				83A44885261C72F70070A8A5 /* Pie.swift */,
				8334CE3D26174C4600319DF6 /* EmojiMemoryGameView.swift */,
				83A44889261C7CB30070A8A5 /* Cardify.swift */,
				83503CA32618477600863D3A /* EmojiMemoryGame.swift */,
				83503C9B261844E900863D3A /* MemoryGame.swift */,
				835057702619E4B40026BB05 /* Array+Only.swift */,
				835057692619CD770026BB05 /* Array+Identifiable.swift */,
				8350575B2619B6540026BB05 /* Grid.swift */,
				835057642619C3FB0026BB05 /* GridLayout.swift */,
				835057732619F7CF0026BB05 /* Theme.swift */,
				8334CE3F26174C5700319DF6 /* Assets.xcassets */,
				8334CE4426174C5700319DF6 /* LaunchScreen.storyboard */,
				8334CE4726174C5700319DF6 /* Info.plist */,
				8334CE4126174C5700319DF6 /* Preview Content */,
			);
			path = Memorize;
			sourceTree = "<group>";
		};
		8334CE4126174C5700319DF6 /* Preview Content */ = {
			isa = PBXGroup;
			children = (
				8334CE4226174C5700319DF6 /* Preview Assets.xcassets */,
			);
			path = "Preview Content";
			sourceTree = "<group>";
		};
/* End PBXGroup section */

/* Begin PBXNativeTarget section */
		8334CE3526174C4600319DF6 /* Memorize */ = {
			isa = PBXNativeTarget;
			buildConfigurationList = 8334CE4A26174C5700319DF6 /* Build configuration list for PBXNativeTarget "Memorize" */;
			buildPhases = (
				8334CE3226174C4600319DF6 /* Sources */,
				8334CE3326174C4600319DF6 /* Frameworks */,
				8334CE3426174C4600319DF6 /* Resources */,
			);
			buildRules = (
			);
			dependencies = (
			);
			name = Memorize;
			productName = Memorize;
			productReference = 8334CE3626174C4600319DF6 /* Memorize.app */;
			productType = "com.apple.product-type.application";
		};
/* End PBXNativeTarget section */

/* Begin PBXProject section */
		8334CE2E26174C4600319DF6 /* Project object */ = {
			isa = PBXProject;
			attributes = {
				LastSwiftUpdateCheck = 1230;
				LastUpgradeCheck = 1230;
				TargetAttributes = {
					8334CE3526174C4600319DF6 = {
						CreatedOnToolsVersion = 12.3;
					};
				};
			};
			buildConfigurationList = 8334CE3126174C4600319DF6 /* Build configuration list for PBXProject "Memorize" */;
			compatibilityVersion = "Xcode 9.3";
			developmentRegion = en;
			hasScannedForEncodings = 0;
			knownRegions = (
				en,
				Base,
			);
			mainGroup = 8334CE2D26174C4600319DF6;
			productRefGroup = 8334CE3726174C4600319DF6 /* Products */;
			projectDirPath = "";
			projectRoot = "";
			targets = (
				8334CE3526174C4600319DF6 /* Memorize */,
			);
		};
/* End PBXProject section */

/* Begin PBXResourcesBuildPhase section */
		8334CE3426174C4600319DF6 /* Resources */ = {
			isa = PBXResourcesBuildPhase;
			buildActionMask = 2147483647;
			files = (
				8334CE4626174C5700319DF6 /* LaunchScreen.storyboard in Resources */,
				8334CE4326174C5700319DF6 /* Preview Assets.xcassets in Resources */,
				8334CE4026174C5700319DF6 /* Assets.xcassets in Resources */,
			);
			runOnlyForDeploymentPostprocessing = 0;
		};
/* End PBXResourcesBuildPhase section */

/* Begin PBXSourcesBuildPhase section */
		8334CE3226174C4600319DF6 /* Sources */ = {
			isa = PBXSourcesBuildPhase;
			buildActionMask = 2147483647;
			files = (
				8334CE3A26174C4600319DF6 /* AppDelegate.swift in Sources */,
				8334CE3C26174C4600319DF6 /* SceneDelegate.swift in Sources */,
				83503C9C261844E900863D3A /* MemoryGame.swift in Sources */,
				835057712619E4B40026BB05 /* Array+Only.swift in Sources */,
				8334CE3E26174C4600319DF6 /* EmojiMemoryGameView.swift in Sources */,
				83503CA42618477600863D3A /* EmojiMemoryGame.swift in Sources */,
				83A4488A261C7CB30070A8A5 /* Cardify.swift in Sources */,
				8350576A2619CD770026BB05 /* Array+Identifiable.swift in Sources */,
				835057742619F7CF0026BB05 /* Theme.swift in Sources */,
				83A44886261C72F70070A8A5 /* Pie.swift in Sources */,
				835057652619C3FB0026BB05 /* GridLayout.swift in Sources */,
				8350575C2619B6540026BB05 /* Grid.swift in Sources */,
			);
			runOnlyForDeploymentPostprocessing = 0;
		};
/* End PBXSourcesBuildPhase section */

/* Begin PBXVariantGroup section */
		8334CE4426174C5700319DF6 /* LaunchScreen.storyboard */ = {
			isa = PBXVariantGroup;
			children = (
				8334CE4526174C5700319DF6 /* Base */,
			);
			name = LaunchScreen.storyboard;
			sourceTree = "<group>";
		};
/* End PBXVariantGroup section */

/* Begin XCBuildConfiguration section */
		8334CE4826174C5700319DF6 /* Debug */ = {
			isa = XCBuildConfiguration;
			buildSettings = {
				ALWAYS_SEARCH_USER_PATHS = NO;
				CLANG_ANALYZER_NONNULL = YES;
				CLANG_ANALYZER_NUMBER_OBJECT_CONVERSION = YES_AGGRESSIVE;
				CLANG_CXX_LANGUAGE_STANDARD = "gnu++14";
				CLANG_CXX_LIBRARY = "libc++";
				CLANG_ENABLE_MODULES = YES;
				CLANG_ENABLE_OBJC_ARC = YES;
				CLANG_ENABLE_OBJC_WEAK = YES;
				CLANG_WARN_BLOCK_CAPTURE_AUTORELEASING = YES;
				CLANG_WARN_BOOL_CONVERSION = YES;
				CLANG_WARN_COMMA = YES;
				CLANG_WARN_CONSTANT_CONVERSION = YES;
				CLANG_WARN_DEPRECATED_OBJC_IMPLEMENTATIONS = YES;
				CLANG_WARN_DIRECT_OBJC_ISA_USAGE = YES_ERROR;
				CLANG_WARN_DOCUMENTATION_COMMENTS = YES;
				CLANG_WARN_EMPTY_BODY = YES;
				CLANG_WARN_ENUM_CONVERSION = YES;
				CLANG_WARN_INFINITE_RECURSION = YES;
				CLANG_WARN_INT_CONVERSION = YES;
				CLANG_WARN_NON_LITERAL_NULL_CONVERSION = YES;
				CLANG_WARN_OBJC_IMPLICIT_RETAIN_SELF = YES;
				CLANG_WARN_OBJC_LITERAL_CONVERSION = YES;
				CLANG_WARN_OBJC_ROOT_CLASS = YES_ERROR;
				CLANG_WARN_QUOTED_INCLUDE_IN_FRAMEWORK_HEADER = YES;
				CLANG_WARN_RANGE_LOOP_ANALYSIS = YES;
				CLANG_WARN_STRICT_PROTOTYPES = YES;
				CLANG_WARN_SUSPICIOUS_MOVE = YES;
				CLANG_WARN_UNGUARDED_AVAILABILITY = YES_AGGRESSIVE;
				CLANG_WARN_UNREACHABLE_CODE = YES;
				CLANG_WARN__DUPLICATE_METHOD_MATCH = YES;
				COPY_PHASE_STRIP = NO;
				DEBUG_INFORMATION_FORMAT = dwarf;
				ENABLE_STRICT_OBJC_MSGSEND = YES;
				ENABLE_TESTABILITY = YES;
				GCC_C_LANGUAGE_STANDARD = gnu11;
				GCC_DYNAMIC_NO_PIC = NO;
				GCC_NO_COMMON_BLOCKS = YES;
				GCC_OPTIMIZATION_LEVEL = 0;
				GCC_PREPROCESSOR_DEFINITIONS = (
					"DEBUG=1",
					"$(inherited)",
				);
				GCC_WARN_64_TO_32_BIT_CONVERSION = YES;
				GCC_WARN_ABOUT_RETURN_TYPE = YES_ERROR;
				GCC_WARN_UNDECLARED_SELECTOR = YES;
				GCC_WARN_UNINITIALIZED_AUTOS = YES_AGGRESSIVE;
				GCC_WARN_UNUSED_FUNCTION = YES;
				GCC_WARN_UNUSED_VARIABLE = YES;
				IPHONEOS_DEPLOYMENT_TARGET = 14.3;
				MTL_ENABLE_DEBUG_INFO = INCLUDE_SOURCE;
				MTL_FAST_MATH = YES;
				ONLY_ACTIVE_ARCH = YES;
				SDKROOT = iphoneos;
				SWIFT_ACTIVE_COMPILATION_CONDITIONS = DEBUG;
				SWIFT_OPTIMIZATION_LEVEL = "-Onone";
			};
			name = Debug;
		};
		8334CE4926174C5700319DF6 /* Release */ = {
			isa = XCBuildConfiguration;
			buildSettings = {
				ALWAYS_SEARCH_USER_PATHS = NO;
				CLANG_ANALYZER_NONNULL = YES;
				CLANG_ANALYZER_NUMBER_OBJECT_CONVERSION = YES_AGGRESSIVE;
				CLANG_CXX_LANGUAGE_STANDARD = "gnu++14";
				CLANG_CXX_LIBRARY = "libc++";
				CLANG_ENABLE_MODULES = YES;
				CLANG_ENABLE_OBJC_ARC = YES;
				CLANG_ENABLE_OBJC_WEAK = YES;
				CLANG_WARN_BLOCK_CAPTURE_AUTORELEASING = YES;
				CLANG_WARN_BOOL_CONVERSION = YES;
				CLANG_WARN_COMMA = YES;
				CLANG_WARN_CONSTANT_CONVERSION = YES;
				CLANG_WARN_DEPRECATED_OBJC_IMPLEMENTATIONS = YES;
				CLANG_WARN_DIRECT_OBJC_ISA_USAGE = YES_ERROR;
				CLANG_WARN_DOCUMENTATION_COMMENTS = YES;
				CLANG_WARN_EMPTY_BODY = YES;
				CLANG_WARN_ENUM_CONVERSION = YES;
				CLANG_WARN_INFINITE_RECURSION = YES;
				CLANG_WARN_INT_CONVERSION = YES;
				CLANG_WARN_NON_LITERAL_NULL_CONVERSION = YES;
				CLANG_WARN_OBJC_IMPLICIT_RETAIN_SELF = YES;
				CLANG_WARN_OBJC_LITERAL_CONVERSION = YES;
				CLANG_WARN_OBJC_ROOT_CLASS = YES_ERROR;
				CLANG_WARN_QUOTED_INCLUDE_IN_FRAMEWORK_HEADER = YES;
				CLANG_WARN_RANGE_LOOP_ANALYSIS = YES;
				CLANG_WARN_STRICT_PROTOTYPES = YES;
				CLANG_WARN_SUSPICIOUS_MOVE = YES;
				CLANG_WARN_UNGUARDED_AVAILABILITY = YES_AGGRESSIVE;
				CLANG_WARN_UNREACHABLE_CODE = YES;
				CLANG_WARN__DUPLICATE_METHOD_MATCH = YES;
				COPY_PHASE_STRIP = NO;
				DEBUG_INFORMATION_FORMAT = "dwarf-with-dsym";
				ENABLE_NS_ASSERTIONS = NO;
				ENABLE_STRICT_OBJC_MSGSEND = YES;
				GCC_C_LANGUAGE_STANDARD = gnu11;
				GCC_NO_COMMON_BLOCKS = YES;
				GCC_WARN_64_TO_32_BIT_CONVERSION = YES;
				GCC_WARN_ABOUT_RETURN_TYPE = YES_ERROR;
				GCC_WARN_UNDECLARED_SELECTOR = YES;
				GCC_WARN_UNINITIALIZED_AUTOS = YES_AGGRESSIVE;
				GCC_WARN_UNUSED_FUNCTION = YES;
				GCC_WARN_UNUSED_VARIABLE = YES;
				IPHONEOS_DEPLOYMENT_TARGET = 14.3;
				MTL_ENABLE_DEBUG_INFO = NO;
				MTL_FAST_MATH = YES;
				SDKROOT = iphoneos;
				SWIFT_COMPILATION_MODE = wholemodule;
				SWIFT_OPTIMIZATION_LEVEL = "-O";
				VALIDATE_PRODUCT = YES;
			};
			name = Release;
		};
		8334CE4B26174C5700319DF6 /* Debug */ = {
			isa = XCBuildConfiguration;
			buildSettings = {
				ASSETCATALOG_COMPILER_APPICON_NAME = AppIcon;
				ASSETCATALOG_COMPILER_GLOBAL_ACCENT_COLOR_NAME = AccentColor;
				CODE_SIGN_STYLE = Automatic;
				DEVELOPMENT_ASSET_PATHS = "\"Memorize/Preview Content\"";
				DEVELOPMENT_TEAM = DYBWA45MRH;
				ENABLE_PREVIEWS = YES;
				INFOPLIST_FILE = Memorize/Info.plist;
				LD_RUNPATH_SEARCH_PATHS = (
					"$(inherited)",
					"@executable_path/Frameworks",
				);
				PRODUCT_BUNDLE_IDENTIFIER = lv.accenture.Internship.Memorize;
				PRODUCT_NAME = "$(TARGET_NAME)";
				SWIFT_VERSION = 5.0;
				TARGETED_DEVICE_FAMILY = "1,2";
			};
			name = Debug;
		};
		8334CE4C26174C5700319DF6 /* Release */ = {
			isa = XCBuildConfiguration;
			buildSettings = {
				ASSETCATALOG_COMPILER_APPICON_NAME = AppIcon;
				ASSETCATALOG_COMPILER_GLOBAL_ACCENT_COLOR_NAME = AccentColor;
				CODE_SIGN_STYLE = Automatic;
				DEVELOPMENT_ASSET_PATHS = "\"Memorize/Preview Content\"";
				DEVELOPMENT_TEAM = DYBWA45MRH;
				ENABLE_PREVIEWS = YES;
				INFOPLIST_FILE = Memorize/Info.plist;
				LD_RUNPATH_SEARCH_PATHS = (
					"$(inherited)",
					"@executable_path/Frameworks",
				);
				PRODUCT_BUNDLE_IDENTIFIER = lv.accenture.Internship.Memorize;
				PRODUCT_NAME = "$(TARGET_NAME)";
				SWIFT_VERSION = 5.0;
				TARGETED_DEVICE_FAMILY = "1,2";
			};
			name = Release;
		};
/* End XCBuildConfiguration section */

/* Begin XCConfigurationList section */
		8334CE3126174C4600319DF6 /* Build configuration list for PBXProject "Memorize" */ = {
			isa = XCConfigurationList;
			buildConfigurations = (
				8334CE4826174C5700319DF6 /* Debug */,
				8334CE4926174C5700319DF6 /* Release */,
			);
			defaultConfigurationIsVisible = 0;
			defaultConfigurationName = Release;
		};
		8334CE4A26174C5700319DF6 /* Build configuration list for PBXNativeTarget "Memorize" */ = {
			isa = XCConfigurationList;
			buildConfigurations = (
				8334CE4B26174C5700319DF6 /* Debug */,
				8334CE4C26174C5700319DF6 /* Release */,
			);
			defaultConfigurationIsVisible = 0;
			defaultConfigurationName = Release;
		};
/* End XCConfigurationList section */
	};
	rootObject = 8334CE2E26174C4600319DF6 /* Project object */;
}
